
Microsoft Visual Studio Solution File, Format Version 12.00
# Visual Studio 15
VisualStudioVersion = 15.0.26730.10
MinimumVisualStudioVersion = 10.0.40219.1
Project("{D954291E-2A0B-460D-934E-DC6B0785DB48}") = "XFDynamicSample2", "XFDynamicSample2\XFDynamicSample2\XFDynamicSample2.shproj", "{C839FA2B-2CAC-4E3A-8F44-48D395461D54}"
EndProject
Project("{FAE04EC0-301F-11D3-BF4B-00C04F79EFBC}") = "XFDynamicSample2.Android", "XFDynamicSample2\XFDynamicSample2.Android\XFDynamicSample2.Android.csproj", "{195A3F86-2B49-4C8C-A62F-1129E4F3C9B1}"
EndProject
Project("{FAE04EC0-301F-11D3-BF4B-00C04F79EFBC}") = "XFDynamicSample2.iOS", "XFDynamicSample2\XFDynamicSample2.iOS\XFDynamicSample2.iOS.csproj", "{BB674E73-CD3A-4DFA-B3B9-22B53F2717BA}"
EndProject
Project("{FAE04EC0-301F-11D3-BF4B-00C04F79EFBC}") = "XFDynamicSample2.UWP", "XFDynamicSample2\XFDynamicSample2.UWP\XFDynamicSample2.UWP.csproj", "{05C6F92D-1171-41F9-A415-20E0C44D0EF9}"
EndProject
Global
	GlobalSection(SharedMSBuildProjectFiles) = preSolution
		XFDynamicSample2\XFDynamicSample2\XFDynamicSample2.projitems*{195a3f86-2b49-4c8c-a62f-1129e4f3c9b1}*SharedItemsImports = 4
		XFDynamicSample2\XFDynamicSample2\XFDynamicSample2.projitems*{bb674e73-cd3a-4dfa-b3b9-22b53f2717ba}*SharedItemsImports = 4
		XFDynamicSample2\XFDynamicSample2\XFDynamicSample2.projitems*{c839fa2b-2cac-4e3a-8f44-48d395461d54}*SharedItemsImports = 13
	EndGlobalSection
	GlobalSection(SolutionConfigurationPlatforms) = preSolution
		Ad-Hoc|Any CPU = Ad-Hoc|Any CPU
		Ad-Hoc|ARM = Ad-Hoc|ARM
		Ad-Hoc|iPhone = Ad-Hoc|iPhone
		Ad-Hoc|iPhoneSimulator = Ad-Hoc|iPhoneSimulator
		Ad-Hoc|x64 = Ad-Hoc|x64
		Ad-Hoc|x86 = Ad-Hoc|x86
		AppStore|Any CPU = AppStore|Any CPU
		AppStore|ARM = AppStore|ARM
		AppStore|iPhone = AppStore|iPhone
		AppStore|iPhoneSimulator = AppStore|iPhoneSimulator
		AppStore|x64 = AppStore|x64
		AppStore|x86 = AppStore|x86
		Debug|Any CPU = Debug|Any CPU
		Debug|ARM = Debug|ARM
		Debug|iPhone = Debug|iPhone
		Debug|iPhoneSimulator = Debug|iPhoneSimulator
		Debug|x64 = Debug|x64
		Debug|x86 = Debug|x86
		Release|Any CPU = Release|Any CPU
		Release|ARM = Release|ARM
		Release|iPhone = Release|iPhone
		Release|iPhoneSimulator = Release|iPhoneSimulator
		Release|x64 = Release|x64
		Release|x86 = Release|x86
	EndGlobalSection
	GlobalSection(ProjectConfigurationPlatforms) = postSolution
		{195A3F86-2B49-4C8C-A62F-1129E4F3C9B1}.Ad-Hoc|Any CPU.ActiveCfg = Release|Any CPU
		{195A3F86-2B49-4C8C-A62F-1129E4F3C9B1}.Ad-Hoc|Any CPU.Build.0 = Release|Any CPU
		{195A3F86-2B49-4C8C-A62F-1129E4F3C9B1}.Ad-Hoc|Any CPU.Deploy.0 = Release|Any CPU
		{195A3F86-2B49-4C8C-A62F-1129E4F3C9B1}.Ad-Hoc|ARM.ActiveCfg = Release|Any CPU
		{195A3F86-2B49-4C8C-A62F-1129E4F3C9B1}.Ad-Hoc|ARM.Build.0 = Release|Any CPU
		{195A3F86-2B49-4C8C-A62F-1129E4F3C9B1}.Ad-Hoc|ARM.Deploy.0 = Release|Any CPU
		{195A3F86-2B49-4C8C-A62F-1129E4F3C9B1}.Ad-Hoc|iPhone.ActiveCfg = Release|Any CPU
		{195A3F86-2B49-4C8C-A62F-1129E4F3C9B1}.Ad-Hoc|iPhone.Build.0 = Release|Any CPU
		{195A3F86-2B49-4C8C-A62F-1129E4F3C9B1}.Ad-Hoc|iPhone.Deploy.0 = Release|Any CPU
		{195A3F86-2B49-4C8C-A62F-1129E4F3C9B1}.Ad-Hoc|iPhoneSimulator.ActiveCfg = Release|Any CPU
		{195A3F86-2B49-4C8C-A62F-1129E4F3C9B1}.Ad-Hoc|iPhoneSimulator.Build.0 = Release|Any CPU
		{195A3F86-2B49-4C8C-A62F-1129E4F3C9B1}.Ad-Hoc|iPhoneSimulator.Deploy.0 = Release|Any CPU
		{195A3F86-2B49-4C8C-A62F-1129E4F3C9B1}.Ad-Hoc|x64.ActiveCfg = Release|Any CPU
		{195A3F86-2B49-4C8C-A62F-1129E4F3C9B1}.Ad-Hoc|x64.Build.0 = Release|Any CPU
		{195A3F86-2B49-4C8C-A62F-1129E4F3C9B1}.Ad-Hoc|x64.Deploy.0 = Release|Any CPU
		{195A3F86-2B49-4C8C-A62F-1129E4F3C9B1}.Ad-Hoc|x86.ActiveCfg = Release|Any CPU
		{195A3F86-2B49-4C8C-A62F-1129E4F3C9B1}.Ad-Hoc|x86.Build.0 = Release|Any CPU
		{195A3F86-2B49-4C8C-A62F-1129E4F3C9B1}.Ad-Hoc|x86.Deploy.0 = Release|Any CPU
		{195A3F86-2B49-4C8C-A62F-1129E4F3C9B1}.AppStore|Any CPU.ActiveCfg = Release|Any CPU
		{195A3F86-2B49-4C8C-A62F-1129E4F3C9B1}.AppStore|Any CPU.Build.0 = Release|Any CPU
		{195A3F86-2B49-4C8C-A62F-1129E4F3C9B1}.AppStore|Any CPU.Deploy.0 = Release|Any CPU
		{195A3F86-2B49-4C8C-A62F-1129E4F3C9B1}.AppStore|ARM.ActiveCfg = Release|Any CPU
		{195A3F86-2B49-4C8C-A62F-1129E4F3C9B1}.AppStore|ARM.Build.0 = Release|Any CPU
		{195A3F86-2B49-4C8C-A62F-1129E4F3C9B1}.AppStore|ARM.Deploy.0 = Release|Any CPU
		{195A3F86-2B49-4C8C-A62F-1129E4F3C9B1}.AppStore|iPhone.ActiveCfg = Release|Any CPU
		{195A3F86-2B49-4C8C-A62F-1129E4F3C9B1}.AppStore|iPhone.Build.0 = Release|Any CPU
		{195A3F86-2B49-4C8C-A62F-1129E4F3C9B1}.AppStore|iPhone.Deploy.0 = Release|Any CPU
		{195A3F86-2B49-4C8C-A62F-1129E4F3C9B1}.AppStore|iPhoneSimulator.ActiveCfg = Release|Any CPU
		{195A3F86-2B49-4C8C-A62F-1129E4F3C9B1}.AppStore|iPhoneSimulator.Build.0 = Release|Any CPU
		{195A3F86-2B49-4C8C-A62F-1129E4F3C9B1}.AppStore|iPhoneSimulator.Deploy.0 = Release|Any CPU
		{195A3F86-2B49-4C8C-A62F-1129E4F3C9B1}.AppStore|x64.ActiveCfg = Release|Any CPU
		{195A3F86-2B49-4C8C-A62F-1129E4F3C9B1}.AppStore|x64.Build.0 = Release|Any CPU
		{195A3F86-2B49-4C8C-A62F-1129E4F3C9B1}.AppStore|x64.Deploy.0 = Release|Any CPU
		{195A3F86-2B49-4C8C-A62F-1129E4F3C9B1}.AppStore|x86.ActiveCfg = Release|Any CPU
		{195A3F86-2B49-4C8C-A62F-1129E4F3C9B1}.AppStore|x86.Build.0 = Release|Any CPU
		{195A3F86-2B49-4C8C-A62F-1129E4F3C9B1}.AppStore|x86.Deploy.0 = Release|Any CPU
		{195A3F86-2B49-4C8C-A62F-1129E4F3C9B1}.Debug|Any CPU.ActiveCfg = Debug|Any CPU
		{195A3F86-2B49-4C8C-A62F-1129E4F3C9B1}.Debug|Any CPU.Build.0 = Debug|Any CPU
		{195A3F86-2B49-4C8C-A62F-1129E4F3C9B1}.Debug|Any CPU.Deploy.0 = Debug|Any CPU
		{195A3F86-2B49-4C8C-A62F-1129E4F3C9B1}.Debug|ARM.ActiveCfg = Debug|Any CPU
		{195A3F86-2B49-4C8C-A62F-1129E4F3C9B1}.Debug|ARM.Build.0 = Debug|Any CPU
		{195A3F86-2B49-4C8C-A62F-1129E4F3C9B1}.Debug|ARM.Deploy.0 = Debug|Any CPU
		{195A3F86-2B49-4C8C-A62F-1129E4F3C9B1}.Debug|iPhone.ActiveCfg = Debug|Any CPU
		{195A3F86-2B49-4C8C-A62F-1129E4F3C9B1}.Debug|iPhone.Build.0 = Debug|Any CPU
		{195A3F86-2B49-4C8C-A62F-1129E4F3C9B1}.Debug|iPhone.Deploy.0 = Debug|Any CPU
		{195A3F86-2B49-4C8C-A62F-1129E4F3C9B1}.Debug|iPhoneSimulator.ActiveCfg = Debug|Any CPU
		{195A3F86-2B49-4C8C-A62F-1129E4F3C9B1}.Debug|iPhoneSimulator.Build.0 = Debug|Any CPU
		{195A3F86-2B49-4C8C-A62F-1129E4F3C9B1}.Debug|iPhoneSimulator.Deploy.0 = Debug|Any CPU
		{195A3F86-2B49-4C8C-A62F-1129E4F3C9B1}.Debug|x64.ActiveCfg = Debug|Any CPU
		{195A3F86-2B49-4C8C-A62F-1129E4F3C9B1}.Debug|x64.Build.0 = Debug|Any CPU
		{195A3F86-2B49-4C8C-A62F-1129E4F3C9B1}.Debug|x64.Deploy.0 = Debug|Any CPU
		{195A3F86-2B49-4C8C-A62F-1129E4F3C9B1}.Debug|x86.ActiveCfg = Debug|Any CPU
		{195A3F86-2B49-4C8C-A62F-1129E4F3C9B1}.Debug|x86.Build.0 = Debug|Any CPU
		{195A3F86-2B49-4C8C-A62F-1129E4F3C9B1}.Debug|x86.Deploy.0 = Debug|Any CPU
		{195A3F86-2B49-4C8C-A62F-1129E4F3C9B1}.Release|Any CPU.ActiveCfg = Release|Any CPU
		{195A3F86-2B49-4C8C-A62F-1129E4F3C9B1}.Release|Any CPU.Build.0 = Release|Any CPU
		{195A3F86-2B49-4C8C-A62F-1129E4F3C9B1}.Release|Any CPU.Deploy.0 = Release|Any CPU
		{195A3F86-2B49-4C8C-A62F-1129E4F3C9B1}.Release|ARM.ActiveCfg = Release|Any CPU
		{195A3F86-2B49-4C8C-A62F-1129E4F3C9B1}.Release|ARM.Build.0 = Release|Any CPU
		{195A3F86-2B49-4C8C-A62F-1129E4F3C9B1}.Release|ARM.Deploy.0 = Release|Any CPU
		{195A3F86-2B49-4C8C-A62F-1129E4F3C9B1}.Release|iPhone.ActiveCfg = Release|Any CPU
		{195A3F86-2B49-4C8C-A62F-1129E4F3C9B1}.Release|iPhone.Build.0 = Release|Any CPU
		{195A3F86-2B49-4C8C-A62F-1129E4F3C9B1}.Release|iPhone.Deploy.0 = Release|Any CPU
		{195A3F86-2B49-4C8C-A62F-1129E4F3C9B1}.Release|iPhoneSimulator.ActiveCfg = Release|Any CPU
		{195A3F86-2B49-4C8C-A62F-1129E4F3C9B1}.Release|iPhoneSimulator.Build.0 = Release|Any CPU
		{195A3F86-2B49-4C8C-A62F-1129E4F3C9B1}.Release|iPhoneSimulator.Deploy.0 = Release|Any CPU
		{195A3F86-2B49-4C8C-A62F-1129E4F3C9B1}.Release|x64.ActiveCfg = Release|Any CPU
		{195A3F86-2B49-4C8C-A62F-1129E4F3C9B1}.Release|x64.Build.0 = Release|Any CPU
		{195A3F86-2B49-4C8C-A62F-1129E4F3C9B1}.Release|x64.Deploy.0 = Release|Any CPU
		{195A3F86-2B49-4C8C-A62F-1129E4F3C9B1}.Release|x86.ActiveCfg = Release|Any CPU
		{195A3F86-2B49-4C8C-A62F-1129E4F3C9B1}.Release|x86.Build.0 = Release|Any CPU
		{195A3F86-2B49-4C8C-A62F-1129E4F3C9B1}.Release|x86.Deploy.0 = Release|Any CPU
		{BB674E73-CD3A-4DFA-B3B9-22B53F2717BA}.Ad-Hoc|Any CPU.ActiveCfg = Ad-Hoc|iPhone
		{BB674E73-CD3A-4DFA-B3B9-22B53F2717BA}.Ad-Hoc|ARM.ActiveCfg = Ad-Hoc|iPhone
		{BB674E73-CD3A-4DFA-B3B9-22B53F2717BA}.Ad-Hoc|iPhone.ActiveCfg = Ad-Hoc|iPhone
		{BB674E73-CD3A-4DFA-B3B9-22B53F2717BA}.Ad-Hoc|iPhone.Build.0 = Ad-Hoc|iPhone
		{BB674E73-CD3A-4DFA-B3B9-22B53F2717BA}.Ad-Hoc|iPhoneSimulator.ActiveCfg = Ad-Hoc|iPhoneSimulator
		{BB674E73-CD3A-4DFA-B3B9-22B53F2717BA}.Ad-Hoc|iPhoneSimulator.Build.0 = Ad-Hoc|iPhoneSimulator
		{BB674E73-CD3A-4DFA-B3B9-22B53F2717BA}.Ad-Hoc|x64.ActiveCfg = Ad-Hoc|iPhone
		{BB674E73-CD3A-4DFA-B3B9-22B53F2717BA}.Ad-Hoc|x86.ActiveCfg = Ad-Hoc|iPhone
		{BB674E73-CD3A-4DFA-B3B9-22B53F2717BA}.AppStore|Any CPU.ActiveCfg = AppStore|iPhone
		{BB674E73-CD3A-4DFA-B3B9-22B53F2717BA}.AppStore|ARM.ActiveCfg = AppStore|iPhone
		{BB674E73-CD3A-4DFA-B3B9-22B53F2717BA}.AppStore|iPhone.ActiveCfg = AppStore|iPhone
		{BB674E73-CD3A-4DFA-B3B9-22B53F2717BA}.AppStore|iPhone.Build.0 = AppStore|iPhone
		{BB674E73-CD3A-4DFA-B3B9-22B53F2717BA}.AppStore|iPhoneSimulator.ActiveCfg = AppStore|iPhoneSimulator
		{BB674E73-CD3A-4DFA-B3B9-22B53F2717BA}.AppStore|iPhoneSimulator.Build.0 = AppStore|iPhoneSimulator
		{BB674E73-CD3A-4DFA-B3B9-22B53F2717BA}.AppStore|x64.ActiveCfg = AppStore|iPhone
		{BB674E73-CD3A-4DFA-B3B9-22B53F2717BA}.AppStore|x86.ActiveCfg = AppStore|iPhone
		{BB674E73-CD3A-4DFA-B3B9-22B53F2717BA}.Debug|Any CPU.ActiveCfg = Debug|iPhone
		{BB674E73-CD3A-4DFA-B3B9-22B53F2717BA}.Debug|ARM.ActiveCfg = Debug|iPhone
		{BB674E73-CD3A-4DFA-B3B9-22B53F2717BA}.Debug|iPhone.ActiveCfg = Debug|iPhone
		{BB674E73-CD3A-4DFA-B3B9-22B53F2717BA}.Debug|iPhone.Build.0 = Debug|iPhone
		{BB674E73-CD3A-4DFA-B3B9-22B53F2717BA}.Debug|iPhoneSimulator.ActiveCfg = Debug|iPhoneSimulator
		{BB674E73-CD3A-4DFA-B3B9-22B53F2717BA}.Debug|iPhoneSimulator.Build.0 = Debug|iPhoneSimulator
		{BB674E73-CD3A-4DFA-B3B9-22B53F2717BA}.Debug|x64.ActiveCfg = Debug|iPhone
		{BB674E73-CD3A-4DFA-B3B9-22B53F2717BA}.Debug|x86.ActiveCfg = Debug|iPhone
		{BB674E73-CD3A-4DFA-B3B9-22B53F2717BA}.Release|Any CPU.ActiveCfg = Release|iPhone
		{BB674E73-CD3A-4DFA-B3B9-22B53F2717BA}.Release|ARM.ActiveCfg = Release|iPhone
		{BB674E73-CD3A-4DFA-B3B9-22B53F2717BA}.Release|iPhone.ActiveCfg = Release|iPhone
		{BB674E73-CD3A-4DFA-B3B9-22B53F2717BA}.Release|iPhone.Build.0 = Release|iPhone
		{BB674E73-CD3A-4DFA-B3B9-22B53F2717BA}.Release|iPhoneSimulator.ActiveCfg = Release|iPhoneSimulator
		{BB674E73-CD3A-4DFA-B3B9-22B53F2717BA}.Release|iPhoneSimulator.Build.0 = Release|iPhoneSimulator
		{BB674E73-CD3A-4DFA-B3B9-22B53F2717BA}.Release|x64.ActiveCfg = Release|iPhone
		{BB674E73-CD3A-4DFA-B3B9-22B53F2717BA}.Release|x86.ActiveCfg = Release|iPhone
		{05C6F92D-1171-41F9-A415-20E0C44D0EF9}.Ad-Hoc|Any CPU.ActiveCfg = Release|x86
		{05C6F92D-1171-41F9-A415-20E0C44D0EF9}.Ad-Hoc|Any CPU.Build.0 = Release|x86
		{05C6F92D-1171-41F9-A415-20E0C44D0EF9}.Ad-Hoc|Any CPU.Deploy.0 = Release|x86
		{05C6F92D-1171-41F9-A415-20E0C44D0EF9}.Ad-Hoc|ARM.ActiveCfg = Release|ARM
		{05C6F92D-1171-41F9-A415-20E0C44D0EF9}.Ad-Hoc|ARM.Build.0 = Release|ARM
		{05C6F92D-1171-41F9-A415-20E0C44D0EF9}.Ad-Hoc|ARM.Deploy.0 = Release|ARM
		{05C6F92D-1171-41F9-A415-20E0C44D0EF9}.Ad-Hoc|iPhone.ActiveCfg = Release|x86
		{05C6F92D-1171-41F9-A415-20E0C44D0EF9}.Ad-Hoc|iPhone.Build.0 = Release|x86
		{05C6F92D-1171-41F9-A415-20E0C44D0EF9}.Ad-Hoc|iPhone.Deploy.0 = Release|x86
		{05C6F92D-1171-41F9-A415-20E0C44D0EF9}.Ad-Hoc|iPhoneSimulator.ActiveCfg = Release|x86
		{05C6F92D-1171-41F9-A415-20E0C44D0EF9}.Ad-Hoc|iPhoneSimulator.Build.0 = Release|x86
		{05C6F92D-1171-41F9-A415-20E0C44D0EF9}.Ad-Hoc|iPhoneSimulator.Deploy.0 = Release|x86
		{05C6F92D-1171-41F9-A415-20E0C44D0EF9}.Ad-Hoc|x64.ActiveCfg = Release|x64
		{05C6F92D-1171-41F9-A415-20E0C44D0EF9}.Ad-Hoc|x64.Build.0 = Release|x64
		{05C6F92D-1171-41F9-A415-20E0C44D0EF9}.Ad-Hoc|x64.Deploy.0 = Release|x64
		{05C6F92D-1171-41F9-A415-20E0C44D0EF9}.Ad-Hoc|x86.ActiveCfg = Release|x86
		{05C6F92D-1171-41F9-A415-20E0C44D0EF9}.Ad-Hoc|x86.Build.0 = Release|x86
		{05C6F92D-1171-41F9-A415-20E0C44D0EF9}.Ad-Hoc|x86.Deploy.0 = Release|x86
		{05C6F92D-1171-41F9-A415-20E0C44D0EF9}.AppStore|Any CPU.ActiveCfg = Release|x86
		{05C6F92D-1171-41F9-A415-20E0C44D0EF9}.AppStore|Any CPU.Build.0 = Release|x86
		{05C6F92D-1171-41F9-A415-20E0C44D0EF9}.AppStore|Any CPU.Deploy.0 = Release|x86
		{05C6F92D-1171-41F9-A415-20E0C44D0EF9}.AppStore|ARM.ActiveCfg = Release|ARM
		{05C6F92D-1171-41F9-A415-20E0C44D0EF9}.AppStore|ARM.Build.0 = Release|ARM
		{05C6F92D-1171-41F9-A415-20E0C44D0EF9}.AppStore|ARM.Deploy.0 = Release|ARM
		{05C6F92D-1171-41F9-A415-20E0C44D0EF9}.AppStore|iPhone.ActiveCfg = Release|x86
		{05C6F92D-1171-41F9-A415-20E0C44D0EF9}.AppStore|iPhone.Build.0 = Release|x86
		{05C6F92D-1171-41F9-A415-20E0C44D0EF9}.AppStore|iPhone.Deploy.0 = Release|x86
		{05C6F92D-1171-41F9-A415-20E0C44D0EF9}.AppStore|iPhoneSimulator.ActiveCfg = Release|x86
		{05C6F92D-1171-41F9-A415-20E0C44D0EF9}.AppStore|iPhoneSimulator.Build.0 = Release|x86
		{05C6F92D-1171-41F9-A415-20E0C44D0EF9}.AppStore|iPhoneSimulator.Deploy.0 = Release|x86
		{05C6F92D-1171-41F9-A415-20E0C44D0EF9}.AppStore|x64.ActiveCfg = Release|x64
		{05C6F92D-1171-41F9-A415-20E0C44D0EF9}.AppStore|x64.Build.0 = Release|x64
		{05C6F92D-1171-41F9-A415-20E0C44D0EF9}.AppStore|x64.Deploy.0 = Release|x64
		{05C6F92D-1171-41F9-A415-20E0C44D0EF9}.AppStore|x86.ActiveCfg = Release|x86
		{05C6F92D-1171-41F9-A415-20E0C44D0EF9}.AppStore|x86.Build.0 = Release|x86
		{05C6F92D-1171-41F9-A415-20E0C44D0EF9}.AppStore|x86.Deploy.0 = Release|x86
		{05C6F92D-1171-41F9-A415-20E0C44D0EF9}.Debug|Any CPU.ActiveCfg = Debug|x86
		{05C6F92D-1171-41F9-A415-20E0C44D0EF9}.Debug|ARM.ActiveCfg = Debug|ARM
		{05C6F92D-1171-41F9-A415-20E0C44D0EF9}.Debug|ARM.Build.0 = Debug|ARM
		{05C6F92D-1171-41F9-A415-20E0C44D0EF9}.Debug|ARM.Deploy.0 = Debug|ARM
		{05C6F92D-1171-41F9-A415-20E0C44D0EF9}.Debug|iPhone.ActiveCfg = Debug|x86
		{05C6F92D-1171-41F9-A415-20E0C44D0EF9}.Debug|iPhoneSimulator.ActiveCfg = Debug|x86
		{05C6F92D-1171-41F9-A415-20E0C44D0EF9}.Debug|x64.ActiveCfg = Debug|x64
		{05C6F92D-1171-41F9-A415-20E0C44D0EF9}.Debug|x64.Build.0 = Debug|x64
		{05C6F92D-1171-41F9-A415-20E0C44D0EF9}.Debug|x64.Deploy.0 = Debug|x64
		{05C6F92D-1171-41F9-A415-20E0C44D0EF9}.Debug|x86.ActiveCfg = Debug|x86
		{05C6F92D-1171-41F9-A415-20E0C44D0EF9}.Debug|x86.Build.0 = Debug|x86
		{05C6F92D-1171-41F9-A415-20E0C44D0EF9}.Debug|x86.Deploy.0 = Debug|x86
		{05C6F92D-1171-41F9-A415-20E0C44D0EF9}.Release|Any CPU.ActiveCfg = Release|x86
		{05C6F92D-1171-41F9-A415-20E0C44D0EF9}.Release|ARM.ActiveCfg = Release|ARM
		{05C6F92D-1171-41F9-A415-20E0C44D0EF9}.Release|ARM.Build.0 = Release|ARM
		{05C6F92D-1171-41F9-A415-20E0C44D0EF9}.Release|ARM.Deploy.0 = Release|ARM
		{05C6F92D-1171-41F9-A415-20E0C44D0EF9}.Release|iPhone.ActiveCfg = Release|x86
		{05C6F92D-1171-41F9-A415-20E0C44D0EF9}.Release|iPhoneSimulator.ActiveCfg = Release|x86
		{05C6F92D-1171-41F9-A415-20E0C44D0EF9}.Release|x64.ActiveCfg = Release|x64
		{05C6F92D-1171-41F9-A415-20E0C44D0EF9}.Release|x64.Build.0 = Release|x64
		{05C6F92D-1171-41F9-A415-20E0C44D0EF9}.Release|x64.Deploy.0 = Release|x64
		{05C6F92D-1171-41F9-A415-20E0C44D0EF9}.Release|x86.ActiveCfg = Release|x86
		{05C6F92D-1171-41F9-A415-20E0C44D0EF9}.Release|x86.Build.0 = Release|x86
		{05C6F92D-1171-41F9-A415-20E0C44D0EF9}.Release|x86.Deploy.0 = Release|x86
	EndGlobalSection
	GlobalSection(SolutionProperties) = preSolution
		HideSolutionNode = FALSE
	EndGlobalSection
	GlobalSection(ExtensibilityGlobals) = postSolution
		SolutionGuid = {780DF773-F8F7-4FC0-8568-314FAD11F2BF}
	EndGlobalSection
EndGlobal
